
Microsoft Visual Studio Solution File, Format Version 12.00
# Visual Studio Version 17
VisualStudioVersion = 17.3.32804.467
MinimumVisualStudioVersion = 10.0.40219.1
Project("{9A19103F-16F7-4668-BE54-9A1E7A4F7556}") = "ReportWorker", "ReportWorker.csproj", "{DFD6254D-BCAE-42D3-BCBF-655DA80273D7}"
EndProject
Project("{E53339B2-1760-4266-BCC7-CA923CBCF16C}") = "docker-compose", "docker-compose.dcproj", "{BEB790B2-8CAC-49DD-B57A-FDFE43F84C35}"
EndProject
Global
	GlobalSection(SolutionConfigurationPlatforms) = preSolution
		Debug|Any CPU = Debug|Any CPU
		Release|Any CPU = Release|Any CPU
	EndGlobalSection
	GlobalSection(ProjectConfigurationPlatforms) = postSolution
		{DFD6254D-BCAE-42D3-BCBF-655DA80273D7}.Debug|Any CPU.ActiveCfg = Debug|Any CPU
		{DFD6254D-BCAE-42D3-BCBF-655DA80273D7}.Debug|Any CPU.Build.0 = Debug|Any CPU
		{DFD6254D-BCAE-42D3-BCBF-655DA80273D7}.Release|Any CPU.ActiveCfg = Release|Any CPU
		{DFD6254D-BCAE-42D3-BCBF-655DA80273D7}.Release|Any CPU.Build.0 = Release|Any CPU
		{BEB790B2-8CAC-49DD-B57A-FDFE43F84C35}.Debug|Any CPU.ActiveCfg = Debug|Any CPU
		{BEB790B2-8CAC-49DD-B57A-FDFE43F84C35}.Debug|Any CPU.Build.0 = Debug|Any CPU
		{BEB790B2-8CAC-49DD-B57A-FDFE43F84C35}.Release|Any CPU.ActiveCfg = Release|Any CPU
		{BEB790B2-8CAC-49DD-B57A-FDFE43F84C35}.Release|Any CPU.Build.0 = Release|Any CPU
	EndGlobalSection
	GlobalSection(SolutionProperties) = preSolution
		HideSolutionNode = FALSE
	EndGlobalSection
	GlobalSection(ExtensibilityGlobals) = postSolution
		SolutionGuid = {314B7FCF-ADBA-4E65-9896-355FFD8D2F03}
	EndGlobalSection
EndGlobal
